
Microsoft Visual Studio Solution File, Format Version 9.00
# Visual C# Express 2005
Project("{FAE04EC0-301F-11D3-BF4B-00C04F79EFBC}") = "SceneGraphSample", "SceneGraphSample\SceneGraphSample.csproj", "{CCFB7FF7-BF34-44B4-96B1-DF6428CCD453}"
EndProject
Project("{FAE04EC0-301F-11D3-BF4B-00C04F79EFBC}") = "SceneGraphLibrary", "SceneGraphLibrary\SceneGraphLibrary.csproj", "{B1B2ED8C-9CF6-4727-AF11-0DB915B571C2}"
EndProject
Global
	GlobalSection(SolutionConfigurationPlatforms) = preSolution
		Debug|Any CPU = Debug|Any CPU
		Debug|Mixed Platforms = Debug|Mixed Platforms
		Debug|x86 = Debug|x86
		Release|Any CPU = Release|Any CPU
		Release|Mixed Platforms = Release|Mixed Platforms
		Release|x86 = Release|x86
	EndGlobalSection
	GlobalSection(ProjectConfigurationPlatforms) = postSolution
		{CCFB7FF7-BF34-44B4-96B1-DF6428CCD453}.Debug|Any CPU.ActiveCfg = Debug|x86
		{CCFB7FF7-BF34-44B4-96B1-DF6428CCD453}.Debug|Mixed Platforms.ActiveCfg = Debug|x86
		{CCFB7FF7-BF34-44B4-96B1-DF6428CCD453}.Debug|Mixed Platforms.Build.0 = Debug|x86
		{CCFB7FF7-BF34-44B4-96B1-DF6428CCD453}.Debug|x86.ActiveCfg = Debug|x86
		{CCFB7FF7-BF34-44B4-96B1-DF6428CCD453}.Debug|x86.Build.0 = Debug|x86
		{CCFB7FF7-BF34-44B4-96B1-DF6428CCD453}.Release|Any CPU.ActiveCfg = Release|x86
		{CCFB7FF7-BF34-44B4-96B1-DF6428CCD453}.Release|Mixed Platforms.ActiveCfg = Release|x86
		{CCFB7FF7-BF34-44B4-96B1-DF6428CCD453}.Release|Mixed Platforms.Build.0 = Release|x86
		{CCFB7FF7-BF34-44B4-96B1-DF6428CCD453}.Release|x86.ActiveCfg = Release|x86
		{CCFB7FF7-BF34-44B4-96B1-DF6428CCD453}.Release|x86.Build.0 = Release|x86
		{B1B2ED8C-9CF6-4727-AF11-0DB915B571C2}.Debug|Any CPU.ActiveCfg = Debug|Any CPU
		{B1B2ED8C-9CF6-4727-AF11-0DB915B571C2}.Debug|Any CPU.Build.0 = Debug|Any CPU
		{B1B2ED8C-9CF6-4727-AF11-0DB915B571C2}.Debug|Mixed Platforms.ActiveCfg = Debug|Any CPU
		{B1B2ED8C-9CF6-4727-AF11-0DB915B571C2}.Debug|Mixed Platforms.Build.0 = Debug|Any CPU
		{B1B2ED8C-9CF6-4727-AF11-0DB915B571C2}.Debug|x86.ActiveCfg = Debug|Any CPU
		{B1B2ED8C-9CF6-4727-AF11-0DB915B571C2}.Release|Any CPU.ActiveCfg = Release|Any CPU
		{B1B2ED8C-9CF6-4727-AF11-0DB915B571C2}.Release|Any CPU.Build.0 = Release|Any CPU
		{B1B2ED8C-9CF6-4727-AF11-0DB915B571C2}.Release|Mixed Platforms.ActiveCfg = Release|Any CPU
		{B1B2ED8C-9CF6-4727-AF11-0DB915B571C2}.Release|Mixed Platforms.Build.0 = Release|Any CPU
		{B1B2ED8C-9CF6-4727-AF11-0DB915B571C2}.Release|x86.ActiveCfg = Release|Any CPU
	EndGlobalSection
	GlobalSection(SolutionProperties) = preSolution
		HideSolutionNode = FALSE
	EndGlobalSection
EndGlobal
